# THIS IS AN AUTOGENERATED FILE. DO NOT EDIT THIS FILE DIRECTLY.
# yarn lockfile v1


"@types/node@^15.0.1":
  version "15.14.0"
  resolved "https://registry.yarnpkg.com/@types/node/-/node-15.14.0.tgz#74dbf254fb375551a9d2a71faf6b9dbc2178dc53"
  integrity sha512-um/+/ip3QZmwLfIkWZSNtQIJNVAqrJ92OkLMeuZrjZMTAJniI7fh8N8OICyDhAJ2mzgk/fmYFo72jRr5HyZ1EQ==

"@types/which@^2.0.0":
  version "2.0.0"
  resolved "https://registry.yarnpkg.com/@types/which/-/which-2.0.0.tgz#446d35586611dee657120de8e0457382a658fc25"
  integrity sha512-JHTNOEpZnACQdsTojWggn+SQ8IucfqEhtz7g8Z0G67WdSj4x3F0X5I2c/CVcl8z/QukGrIHeQ/N49v1au74XFQ==

coc.nvim@^0.0.80:
  version "0.0.80"
  resolved "https://registry.yarnpkg.com/coc.nvim/-/coc.nvim-0.0.80.tgz#785145c382660db03f517f9b497900d95cbd0e4f"
  integrity sha512-/3vTcnofoAYMrdENrlQmADTzfXX4+PZ0fiM10a39UA37dTR2dpIGi9O469kcIksuunLjToqWG8S45AGx/9wV7g==

esbuild@^0.12.5:
  version "0.12.5"
  resolved "https://registry.yarnpkg.com/esbuild/-/esbuild-0.12.5.tgz#36076a6bc1966ba2741981d30512e95e8aaff495"
  integrity sha512-vcuP53pA5XiwUU4FnlXM+2PnVjTfHGthM7uP1gtp+9yfheGvFFbq/KyuESThmtoHPUrfZH5JpxGVJIFDVD1Egw==

isexe@^2.0.0:
  version "2.0.0"
  resolved "https://registry.yarnpkg.com/isexe/-/isexe-2.0.0.tgz#e8fbf374dc556ff8947a10dcb0572d633f2cfa10"
  integrity sha1-6PvzdNxVb/iUehDcsFctYz8s+hA=

typescript@^4.0.2:
  version "4.3.2"
  resolved "https://registry.yarnpkg.com/typescript/-/typescript-4.3.2.tgz#399ab18aac45802d6f2498de5054fcbbe716a805"
  integrity sha512-zZ4hShnmnoVnAHpVHWpTcxdv7dWP60S2FsydQLV8V5PbS3FifjWFFRiHSWpDJahly88PRyV5teTSLoq4eG7mKw==

which@^2.0.2:
  version "2.0.2"
  resolved "https://registry.yarnpkg.com/which/-/which-2.0.2.tgz#7c6a8dd0a636a0327e10b59c9286eee93f3f51b1"
  integrity sha512-BLI3Tl1TW3Pvl70l3yq3Y64i+awpwXqsGBYWkkqMtnbXgrMD+yj7rhW0kuEDxzJaYXGjEW5ogapKNMEKNMjibA==
  dependencies:
    isexe "^2.0.0"
